
Microsoft Visual Studio Solution File, Format Version 12.00
# Visual Studio Version 17
VisualStudioVersion = 17.8.34525.116
MinimumVisualStudioVersion = 10.0.40219.1
Project("{FAE04EC0-301F-11D3-BF4B-00C04F79EFBC}") = "WebApi", "WebApi\WebApi.csproj", "{4856632B-B67C-4C26-ADA2-6AF6D7E7AD78}"
EndProject
Project("{FAE04EC0-301F-11D3-BF4B-00C04F79EFBC}") = "Business", "Business\Business.csproj", "{8DFF9B1E-3010-4349-AA96-7F12959BBC6C}"
EndProject
Project("{FAE04EC0-301F-11D3-BF4B-00C04F79EFBC}") = "DataAccess", "DataAccess\DataAccess.csproj", "{412AEAE4-6259-4AA4-B6C9-C7F14EAF8460}"
EndProject
Project("{FAE04EC0-301F-11D3-BF4B-00C04F79EFBC}") = "Core", "Core\Core.csproj", "{6530EFC6-B391-464B-8B37-DAD0747A0101}"
EndProject
Project("{FAE04EC0-301F-11D3-BF4B-00C04F79EFBC}") = "Entities", "Entities\Entities.csproj", "{04F68695-487A-404B-84B0-480ADA07E95C}"
EndProject
Global
	GlobalSection(SolutionConfigurationPlatforms) = preSolution
		Debug|Any CPU = Debug|Any CPU
		Release|Any CPU = Release|Any CPU
	EndGlobalSection
	GlobalSection(ProjectConfigurationPlatforms) = postSolution
		{4856632B-B67C-4C26-ADA2-6AF6D7E7AD78}.Debug|Any CPU.ActiveCfg = Debug|Any CPU
		{4856632B-B67C-4C26-ADA2-6AF6D7E7AD78}.Debug|Any CPU.Build.0 = Debug|Any CPU
		{4856632B-B67C-4C26-ADA2-6AF6D7E7AD78}.Release|Any CPU.ActiveCfg = Release|Any CPU
		{4856632B-B67C-4C26-ADA2-6AF6D7E7AD78}.Release|Any CPU.Build.0 = Release|Any CPU
		{8DFF9B1E-3010-4349-AA96-7F12959BBC6C}.Debug|Any CPU.ActiveCfg = Debug|Any CPU
		{8DFF9B1E-3010-4349-AA96-7F12959BBC6C}.Debug|Any CPU.Build.0 = Debug|Any CPU
		{8DFF9B1E-3010-4349-AA96-7F12959BBC6C}.Release|Any CPU.ActiveCfg = Release|Any CPU
		{8DFF9B1E-3010-4349-AA96-7F12959BBC6C}.Release|Any CPU.Build.0 = Release|Any CPU
		{412AEAE4-6259-4AA4-B6C9-C7F14EAF8460}.Debug|Any CPU.ActiveCfg = Debug|Any CPU
		{412AEAE4-6259-4AA4-B6C9-C7F14EAF8460}.Debug|Any CPU.Build.0 = Debug|Any CPU
		{412AEAE4-6259-4AA4-B6C9-C7F14EAF8460}.Release|Any CPU.ActiveCfg = Release|Any CPU
		{412AEAE4-6259-4AA4-B6C9-C7F14EAF8460}.Release|Any CPU.Build.0 = Release|Any CPU
		{6530EFC6-B391-464B-8B37-DAD0747A0101}.Debug|Any CPU.ActiveCfg = Debug|Any CPU
		{6530EFC6-B391-464B-8B37-DAD0747A0101}.Debug|Any CPU.Build.0 = Debug|Any CPU
		{6530EFC6-B391-464B-8B37-DAD0747A0101}.Release|Any CPU.ActiveCfg = Release|Any CPU
		{6530EFC6-B391-464B-8B37-DAD0747A0101}.Release|Any CPU.Build.0 = Release|Any CPU
		{04F68695-487A-404B-84B0-480ADA07E95C}.Debug|Any CPU.ActiveCfg = Debug|Any CPU
		{04F68695-487A-404B-84B0-480ADA07E95C}.Debug|Any CPU.Build.0 = Debug|Any CPU
		{04F68695-487A-404B-84B0-480ADA07E95C}.Release|Any CPU.ActiveCfg = Release|Any CPU
		{04F68695-487A-404B-84B0-480ADA07E95C}.Release|Any CPU.Build.0 = Release|Any CPU
	EndGlobalSection
	GlobalSection(SolutionProperties) = preSolution
		HideSolutionNode = FALSE
	EndGlobalSection
	GlobalSection(ExtensibilityGlobals) = postSolution
		SolutionGuid = {EE177A83-8408-4A5B-96DE-1B82B7F5BEF9}
	EndGlobalSection
EndGlobal
